
Microsoft Visual Studio Solution File, Format Version 12.00
# Visual Studio Version 16
VisualStudioVersion = 16.0.30517.126
MinimumVisualStudioVersion = 10.0.40219.1
Project("{FAE04EC0-301F-11D3-BF4B-00C04F79EFBC}") = "Neilas.Armonas.CSharp", "Neilas.Armonas.CSharp\Neilas.Armonas.CSharp.csproj", "{7D8E9E78-39A9-4F21-8701-9E17F13056DC}"
EndProject
Global
	GlobalSection(SolutionConfigurationPlatforms) = preSolution
		Debug|Any CPU = Debug|Any CPU
		Release|Any CPU = Release|Any CPU
	EndGlobalSection
	GlobalSection(ProjectConfigurationPlatforms) = postSolution
		{7D8E9E78-39A9-4F21-8701-9E17F13056DC}.Debug|Any CPU.ActiveCfg = Debug|Any CPU
		{7D8E9E78-39A9-4F21-8701-9E17F13056DC}.Debug|Any CPU.Build.0 = Debug|Any CPU
		{7D8E9E78-39A9-4F21-8701-9E17F13056DC}.Release|Any CPU.ActiveCfg = Release|Any CPU
		{7D8E9E78-39A9-4F21-8701-9E17F13056DC}.Release|Any CPU.Build.0 = Release|Any CPU
	EndGlobalSection
	GlobalSection(SolutionProperties) = preSolution
		HideSolutionNode = FALSE
	EndGlobalSection
	GlobalSection(ExtensibilityGlobals) = postSolution
		SolutionGuid = {F81336CB-6C3B-4075-9ADE-65134A4CA490}
	EndGlobalSection
EndGlobal
